
Microsoft Visual Studio Solution File, Format Version 12.00
# Visual Studio Version 17
VisualStudioVersion = 17.4.33205.214
MinimumVisualStudioVersion = 10.0.40219.1
Project("{FAE04EC0-301F-11D3-BF4B-00C04F79EFBC}") = "Arrays", "Arrays\Arrays.csproj", "{D114AF76-B155-4ED2-9E0C-97AF78061B14}"
EndProject
Global
	GlobalSection(SolutionConfigurationPlatforms) = preSolution
		Debug|Any CPU = Debug|Any CPU
		Release|Any CPU = Release|Any CPU
	EndGlobalSection
	GlobalSection(ProjectConfigurationPlatforms) = postSolution
		{D114AF76-B155-4ED2-9E0C-97AF78061B14}.Debug|Any CPU.ActiveCfg = Debug|Any CPU
		{D114AF76-B155-4ED2-9E0C-97AF78061B14}.Debug|Any CPU.Build.0 = Debug|Any CPU
		{D114AF76-B155-4ED2-9E0C-97AF78061B14}.Release|Any CPU.ActiveCfg = Release|Any CPU
		{D114AF76-B155-4ED2-9E0C-97AF78061B14}.Release|Any CPU.Build.0 = Release|Any CPU
	EndGlobalSection
	GlobalSection(SolutionProperties) = preSolution
		HideSolutionNode = FALSE
	EndGlobalSection
	GlobalSection(ExtensibilityGlobals) = postSolution
		SolutionGuid = {08FC24E5-1A92-484F-9BE8-6868F8333CB2}
	EndGlobalSection
EndGlobal
